
Microsoft Visual Studio Solution File, Format Version 12.00
# Visual Studio 15
VisualStudioVersion = 15.0.28307.757
MinimumVisualStudioVersion = 10.0.40219.1
Project("{FAE04EC0-301F-11D3-BF4B-00C04F79EFBC}") = "CNS", "CNS\CNS.csproj", "{79186B2F-BAD2-4145-B015-0DA78C29D665}"
EndProject
Global
	GlobalSection(SolutionConfigurationPlatforms) = preSolution
		Debug|Any CPU = Debug|Any CPU
		Release|Any CPU = Release|Any CPU
	EndGlobalSection
	GlobalSection(ProjectConfigurationPlatforms) = postSolution
		{79186B2F-BAD2-4145-B015-0DA78C29D665}.Debug|Any CPU.ActiveCfg = Debug|Any CPU
		{79186B2F-BAD2-4145-B015-0DA78C29D665}.Debug|Any CPU.Build.0 = Debug|Any CPU
		{79186B2F-BAD2-4145-B015-0DA78C29D665}.Release|Any CPU.ActiveCfg = Release|Any CPU
		{79186B2F-BAD2-4145-B015-0DA78C29D665}.Release|Any CPU.Build.0 = Release|Any CPU
	EndGlobalSection
	GlobalSection(SolutionProperties) = preSolution
		HideSolutionNode = FALSE
	EndGlobalSection
	GlobalSection(ExtensibilityGlobals) = postSolution
		SolutionGuid = {1E994C6D-2F3E-4670-9DC4-5755815A3550}
	EndGlobalSection
EndGlobal
